Microsoft Visual Studio Solution File, Format Version 12.00
# Visual Studio Version 17
VisualStudioVersion = 17.5.2.0
MinimumVisualStudioVersion = 10.0.40219.1
Project("{FAE04EC0-301F-11D3-BF4B-00C04F79EFBC}") = "Experiment.Maui", "Experiment.Maui.csproj", "{5F113EEA-8CE9-B1E2-BC1D-FFD66EEAF620}"
EndProject
Global
	GlobalSection(SolutionConfigurationPlatforms) = preSolution
		Debug|Any CPU = Debug|Any CPU
		Release|Any CPU = Release|Any CPU
	EndGlobalSection
	GlobalSection(ProjectConfigurationPlatforms) = postSolution
		{5F113EEA-8CE9-B1E2-BC1D-FFD66EEAF620}.Debug|Any CPU.ActiveCfg = Debug|Any CPU
		{5F113EEA-8CE9-B1E2-BC1D-FFD66EEAF620}.Debug|Any CPU.Build.0 = Debug|Any CPU
		{5F113EEA-8CE9-B1E2-BC1D-FFD66EEAF620}.Release|Any CPU.ActiveCfg = Release|Any CPU
		{5F113EEA-8CE9-B1E2-BC1D-FFD66EEAF620}.Release|Any CPU.Build.0 = Release|Any CPU
	EndGlobalSection
	GlobalSection(SolutionProperties) = preSolution
		HideSolutionNode = FALSE
	EndGlobalSection
	GlobalSection(ExtensibilityGlobals) = postSolution
		SolutionGuid = {EF0BF292-25B0-460F-9199-38C764EC51C7}
	EndGlobalSection
EndGlobal
