
Microsoft Visual Studio Solution File, Format Version 12.00
# Visual Studio Version 16
VisualStudioVersion = 16.0.29926.136
MinimumVisualStudioVersion = 10.0.40219.1
Project("{FAE04EC0-301F-11D3-BF4B-00C04F79EFBC}") = "Mobility Test.UWP", "Mobility Test\Mobility Test.UWP\Mobility Test.UWP.csproj", "{A2D042BC-5616-4770-AC90-AB3E38395DD3}"
EndProject
Project("{FAE04EC0-301F-11D3-BF4B-00C04F79EFBC}") = "Mobility Test.Android", "Mobility Test\Mobility Test.Android\Mobility Test.Android.csproj", "{507508D3-269D-4841-82E5-484B18FD7713}"
EndProject
Project("{FAE04EC0-301F-11D3-BF4B-00C04F79EFBC}") = "Mobility Test.iOS", "Mobility Test\Mobility Test.iOS\Mobility Test.iOS.csproj", "{BAD7714D-8070-46AA-893D-4615A021265E}"
EndProject
Project("{FAE04EC0-301F-11D3-BF4B-00C04F79EFBC}") = "Mobility Test", "Mobility Test\Mobility Test\Mobility Test.csproj", "{F0E6FD70-9C0A-414C-A16B-49E7ACEE994F}"
EndProject
Global
	GlobalSection(SolutionConfigurationPlatforms) = preSolution
		Debug|Any CPU = Debug|Any CPU
		Debug|ARM = Debug|ARM
		Debug|iPhone = Debug|iPhone
		Debug|iPhoneSimulator = Debug|iPhoneSimulator
		Debug|x64 = Debug|x64
		Debug|x86 = Debug|x86
		Release|Any CPU = Release|Any CPU
		Release|ARM = Release|ARM
		Release|iPhone = Release|iPhone
		Release|iPhoneSimulator = Release|iPhoneSimulator
		Release|x64 = Release|x64
		Release|x86 = Release|x86
	EndGlobalSection
	GlobalSection(ProjectConfigurationPlatforms) = postSolution
		{A2D042BC-5616-4770-AC90-AB3E38395DD3}.Debug|Any CPU.ActiveCfg = Debug|x86
		{A2D042BC-5616-4770-AC90-AB3E38395DD3}.Debug|Any CPU.Build.0 = Debug|x86
		{A2D042BC-5616-4770-AC90-AB3E38395DD3}.Debug|Any CPU.Deploy.0 = Debug|x86
		{A2D042BC-5616-4770-AC90-AB3E38395DD3}.Debug|ARM.ActiveCfg = Debug|ARM
		{A2D042BC-5616-4770-AC90-AB3E38395DD3}.Debug|ARM.Build.0 = Debug|ARM
		{A2D042BC-5616-4770-AC90-AB3E38395DD3}.Debug|ARM.Deploy.0 = Debug|ARM
		{A2D042BC-5616-4770-AC90-AB3E38395DD3}.Debug|iPhone.ActiveCfg = Debug|x86
		{A2D042BC-5616-4770-AC90-AB3E38395DD3}.Debug|iPhone.Build.0 = Debug|x86
		{A2D042BC-5616-4770-AC90-AB3E38395DD3}.Debug|iPhone.Deploy.0 = Debug|x86
		{A2D042BC-5616-4770-AC90-AB3E38395DD3}.Debug|iPhoneSimulator.ActiveCfg = Debug|x86
		{A2D042BC-5616-4770-AC90-AB3E38395DD3}.Debug|iPhoneSimulator.Build.0 = Debug|x86
		{A2D042BC-5616-4770-AC90-AB3E38395DD3}.Debug|iPhoneSimulator.Deploy.0 = Debug|x86
		{A2D042BC-5616-4770-AC90-AB3E38395DD3}.Debug|x64.ActiveCfg = Debug|x64
		{A2D042BC-5616-4770-AC90-AB3E38395DD3}.Debug|x64.Build.0 = Debug|x64
		{A2D042BC-5616-4770-AC90-AB3E38395DD3}.Debug|x64.Deploy.0 = Debug|x64
		{A2D042BC-5616-4770-AC90-AB3E38395DD3}.Debug|x86.ActiveCfg = Debug|x86
		{A2D042BC-5616-4770-AC90-AB3E38395DD3}.Debug|x86.Build.0 = Debug|x86
		{A2D042BC-5616-4770-AC90-AB3E38395DD3}.Debug|x86.Deploy.0 = Debug|x86
		{A2D042BC-5616-4770-AC90-AB3E38395DD3}.Release|Any CPU.ActiveCfg = Release|x86
		{A2D042BC-5616-4770-AC90-AB3E38395DD3}.Release|Any CPU.Build.0 = Release|x86
		{A2D042BC-5616-4770-AC90-AB3E38395DD3}.Release|Any CPU.Deploy.0 = Release|x86
		{A2D042BC-5616-4770-AC90-AB3E38395DD3}.Release|ARM.ActiveCfg = Release|ARM
		{A2D042BC-5616-4770-AC90-AB3E38395DD3}.Release|ARM.Build.0 = Release|ARM
		{A2D042BC-5616-4770-AC90-AB3E38395DD3}.Release|ARM.Deploy.0 = Release|ARM
		{A2D042BC-5616-4770-AC90-AB3E38395DD3}.Release|iPhone.ActiveCfg = Release|x86
		{A2D042BC-5616-4770-AC90-AB3E38395DD3}.Release|iPhone.Build.0 = Release|x86
		{A2D042BC-5616-4770-AC90-AB3E38395DD3}.Release|iPhone.Deploy.0 = Release|x86
		{A2D042BC-5616-4770-AC90-AB3E38395DD3}.Release|iPhoneSimulator.ActiveCfg = Release|x86
		{A2D042BC-5616-4770-AC90-AB3E38395DD3}.Release|iPhoneSimulator.Build.0 = Release|x86
		{A2D042BC-5616-4770-AC90-AB3E38395DD3}.Release|iPhoneSimulator.Deploy.0 = Release|x86
		{A2D042BC-5616-4770-AC90-AB3E38395DD3}.Release|x64.ActiveCfg = Release|x64
		{A2D042BC-5616-4770-AC90-AB3E38395DD3}.Release|x64.Build.0 = Release|x64
		{A2D042BC-5616-4770-AC90-AB3E38395DD3}.Release|x64.Deploy.0 = Release|x64
		{A2D042BC-5616-4770-AC90-AB3E38395DD3}.Release|x86.ActiveCfg = Release|x86
		{A2D042BC-5616-4770-AC90-AB3E38395DD3}.Release|x86.Build.0 = Release|x86
		{A2D042BC-5616-4770-AC90-AB3E38395DD3}.Release|x86.Deploy.0 = Release|x86
		{507508D3-269D-4841-82E5-484B18FD7713}.Debug|Any CPU.ActiveCfg = Debug|Any CPU
		{507508D3-269D-4841-82E5-484B18FD7713}.Debug|Any CPU.Build.0 = Debug|Any CPU
		{507508D3-269D-4841-82E5-484B18FD7713}.Debug|Any CPU.Deploy.0 = Debug|Any CPU
		{507508D3-269D-4841-82E5-484B18FD7713}.Debug|ARM.ActiveCfg = Debug|Any CPU
		{507508D3-269D-4841-82E5-484B18FD7713}.Debug|ARM.Build.0 = Debug|Any CPU
		{507508D3-269D-4841-82E5-484B18FD7713}.Debug|ARM.Deploy.0 = Debug|Any CPU
		{507508D3-269D-4841-82E5-484B18FD7713}.Debug|iPhone.ActiveCfg = Debug|Any CPU
		{507508D3-269D-4841-82E5-484B18FD7713}.Debug|iPhone.Build.0 = Debug|Any CPU
		{507508D3-269D-4841-82E5-484B18FD7713}.Debug|iPhone.Deploy.0 = Debug|Any CPU
		{507508D3-269D-4841-82E5-484B18FD7713}.Debug|iPhoneSimulator.ActiveCfg = Debug|Any CPU
		{507508D3-269D-4841-82E5-484B18FD7713}.Debug|iPhoneSimulator.Build.0 = Debug|Any CPU
		{507508D3-269D-4841-82E5-484B18FD7713}.Debug|iPhoneSimulator.Deploy.0 = Debug|Any CPU
		{507508D3-269D-4841-82E5-484B18FD7713}.Debug|x64.ActiveCfg = Debug|Any CPU
		{507508D3-269D-4841-82E5-484B18FD7713}.Debug|x64.Build.0 = Debug|Any CPU
		{507508D3-269D-4841-82E5-484B18FD7713}.Debug|x64.Deploy.0 = Debug|Any CPU
		{507508D3-269D-4841-82E5-484B18FD7713}.Debug|x86.ActiveCfg = Debug|Any CPU
		{507508D3-269D-4841-82E5-484B18FD7713}.Debug|x86.Build.0 = Debug|Any CPU
		{507508D3-269D-4841-82E5-484B18FD7713}.Debug|x86.Deploy.0 = Debug|Any CPU
		{507508D3-269D-4841-82E5-484B18FD7713}.Release|Any CPU.ActiveCfg = Release|Any CPU
		{507508D3-269D-4841-82E5-484B18FD7713}.Release|Any CPU.Build.0 = Release|Any CPU
		{507508D3-269D-4841-82E5-484B18FD7713}.Release|Any CPU.Deploy.0 = Release|Any CPU
		{507508D3-269D-4841-82E5-484B18FD7713}.Release|ARM.ActiveCfg = Release|Any CPU
		{507508D3-269D-4841-82E5-484B18FD7713}.Release|ARM.Build.0 = Release|Any CPU
		{507508D3-269D-4841-82E5-484B18FD7713}.Release|ARM.Deploy.0 = Release|Any CPU
		{507508D3-269D-4841-82E5-484B18FD7713}.Release|iPhone.ActiveCfg = Release|Any CPU
		{507508D3-269D-4841-82E5-484B18FD7713}.Release|iPhone.Build.0 = Release|Any CPU
		{507508D3-269D-4841-82E5-484B18FD7713}.Release|iPhone.Deploy.0 = Release|Any CPU
		{507508D3-269D-4841-82E5-484B18FD7713}.Release|iPhoneSimulator.ActiveCfg = Release|Any CPU
		{507508D3-269D-4841-82E5-484B18FD7713}.Release|iPhoneSimulator.Build.0 = Release|Any CPU
		{507508D3-269D-4841-82E5-484B18FD7713}.Release|iPhoneSimulator.Deploy.0 = Release|Any CPU
		{507508D3-269D-4841-82E5-484B18FD7713}.Release|x64.ActiveCfg = Release|Any CPU
		{507508D3-269D-4841-82E5-484B18FD7713}.Release|x64.Build.0 = Release|Any CPU
		{507508D3-269D-4841-82E5-484B18FD7713}.Release|x64.Deploy.0 = Release|Any CPU
		{507508D3-269D-4841-82E5-484B18FD7713}.Release|x86.ActiveCfg = Release|Any CPU
		{507508D3-269D-4841-82E5-484B18FD7713}.Release|x86.Build.0 = Release|Any CPU
		{507508D3-269D-4841-82E5-484B18FD7713}.Release|x86.Deploy.0 = Release|Any CPU
		{BAD7714D-8070-46AA-893D-4615A021265E}.Debug|Any CPU.ActiveCfg = Debug|iPhone
		{BAD7714D-8070-46AA-893D-4615A021265E}.Debug|Any CPU.Build.0 = Debug|iPhone
		{BAD7714D-8070-46AA-893D-4615A021265E}.Debug|Any CPU.Deploy.0 = Debug|iPhone
		{BAD7714D-8070-46AA-893D-4615A021265E}.Debug|ARM.ActiveCfg = Debug|iPhone
		{BAD7714D-8070-46AA-893D-4615A021265E}.Debug|ARM.Build.0 = Debug|iPhone
		{BAD7714D-8070-46AA-893D-4615A021265E}.Debug|ARM.Deploy.0 = Debug|iPhone
		{BAD7714D-8070-46AA-893D-4615A021265E}.Debug|iPhone.ActiveCfg = Debug|iPhone
		{BAD7714D-8070-46AA-893D-4615A021265E}.Debug|iPhone.Build.0 = Debug|iPhone
		{BAD7714D-8070-46AA-893D-4615A021265E}.Debug|iPhone.Deploy.0 = Debug|iPhone
		{BAD7714D-8070-46AA-893D-4615A021265E}.Debug|iPhoneSimulator.ActiveCfg = Debug|iPhoneSimulator
		{BAD7714D-8070-46AA-893D-4615A021265E}.Debug|iPhoneSimulator.Build.0 = Debug|iPhoneSimulator
		{BAD7714D-8070-46AA-893D-4615A021265E}.Debug|iPhoneSimulator.Deploy.0 = Debug|iPhoneSimulator
		{BAD7714D-8070-46AA-893D-4615A021265E}.Debug|x64.ActiveCfg = Debug|iPhone
		{BAD7714D-8070-46AA-893D-4615A021265E}.Debug|x64.Build.0 = Debug|iPhone
		{BAD7714D-8070-46AA-893D-4615A021265E}.Debug|x64.Deploy.0 = Debug|iPhone
		{BAD7714D-8070-46AA-893D-4615A021265E}.Debug|x86.ActiveCfg = Debug|iPhone
		{BAD7714D-8070-46AA-893D-4615A021265E}.Debug|x86.Build.0 = Debug|iPhone
		{BAD7714D-8070-46AA-893D-4615A021265E}.Debug|x86.Deploy.0 = Debug|iPhone
		{BAD7714D-8070-46AA-893D-4615A021265E}.Release|Any CPU.ActiveCfg = Release|iPhone
		{BAD7714D-8070-46AA-893D-4615A021265E}.Release|Any CPU.Build.0 = Release|iPhone
		{BAD7714D-8070-46AA-893D-4615A021265E}.Release|Any CPU.Deploy.0 = Release|iPhone
		{BAD7714D-8070-46AA-893D-4615A021265E}.Release|ARM.ActiveCfg = Release|iPhone
		{BAD7714D-8070-46AA-893D-4615A021265E}.Release|ARM.Build.0 = Release|iPhone
		{BAD7714D-8070-46AA-893D-4615A021265E}.Release|ARM.Deploy.0 = Release|iPhone
		{BAD7714D-8070-46AA-893D-4615A021265E}.Release|iPhone.ActiveCfg = Release|iPhone
		{BAD7714D-8070-46AA-893D-4615A021265E}.Release|iPhone.Build.0 = Release|iPhone
		{BAD7714D-8070-46AA-893D-4615A021265E}.Release|iPhone.Deploy.0 = Release|iPhone
		{BAD7714D-8070-46AA-893D-4615A021265E}.Release|iPhoneSimulator.ActiveCfg = Release|iPhoneSimulator
		{BAD7714D-8070-46AA-893D-4615A021265E}.Release|iPhoneSimulator.Build.0 = Release|iPhoneSimulator
		{BAD7714D-8070-46AA-893D-4615A021265E}.Release|iPhoneSimulator.Deploy.0 = Release|iPhoneSimulator
		{BAD7714D-8070-46AA-893D-4615A021265E}.Release|x64.ActiveCfg = Release|iPhone
		{BAD7714D-8070-46AA-893D-4615A021265E}.Release|x64.Build.0 = Release|iPhone
		{BAD7714D-8070-46AA-893D-4615A021265E}.Release|x64.Deploy.0 = Release|iPhone
		{BAD7714D-8070-46AA-893D-4615A021265E}.Release|x86.ActiveCfg = Release|iPhone
		{BAD7714D-8070-46AA-893D-4615A021265E}.Release|x86.Build.0 = Release|iPhone
		{BAD7714D-8070-46AA-893D-4615A021265E}.Release|x86.Deploy.0 = Release|iPhone
		{F0E6FD70-9C0A-414C-A16B-49E7ACEE994F}.Debug|Any CPU.ActiveCfg = Debug|Any CPU
		{F0E6FD70-9C0A-414C-A16B-49E7ACEE994F}.Debug|Any CPU.Build.0 = Debug|Any CPU
		{F0E6FD70-9C0A-414C-A16B-49E7ACEE994F}.Debug|Any CPU.Deploy.0 = Debug|Any CPU
		{F0E6FD70-9C0A-414C-A16B-49E7ACEE994F}.Debug|ARM.ActiveCfg = Debug|Any CPU
		{F0E6FD70-9C0A-414C-A16B-49E7ACEE994F}.Debug|ARM.Build.0 = Debug|Any CPU
		{F0E6FD70-9C0A-414C-A16B-49E7ACEE994F}.Debug|ARM.Deploy.0 = Debug|Any CPU
		{F0E6FD70-9C0A-414C-A16B-49E7ACEE994F}.Debug|iPhone.ActiveCfg = Debug|Any CPU
		{F0E6FD70-9C0A-414C-A16B-49E7ACEE994F}.Debug|iPhone.Build.0 = Debug|Any CPU
		{F0E6FD70-9C0A-414C-A16B-49E7ACEE994F}.Debug|iPhone.Deploy.0 = Debug|Any CPU
		{F0E6FD70-9C0A-414C-A16B-49E7ACEE994F}.Debug|iPhoneSimulator.ActiveCfg = Debug|Any CPU
		{F0E6FD70-9C0A-414C-A16B-49E7ACEE994F}.Debug|iPhoneSimulator.Build.0 = Debug|Any CPU
		{F0E6FD70-9C0A-414C-A16B-49E7ACEE994F}.Debug|iPhoneSimulator.Deploy.0 = Debug|Any CPU
		{F0E6FD70-9C0A-414C-A16B-49E7ACEE994F}.Debug|x64.ActiveCfg = Debug|Any CPU
		{F0E6FD70-9C0A-414C-A16B-49E7ACEE994F}.Debug|x64.Build.0 = Debug|Any CPU
		{F0E6FD70-9C0A-414C-A16B-49E7ACEE994F}.Debug|x64.Deploy.0 = Debug|Any CPU
		{F0E6FD70-9C0A-414C-A16B-49E7ACEE994F}.Debug|x86.ActiveCfg = Debug|Any CPU
		{F0E6FD70-9C0A-414C-A16B-49E7ACEE994F}.Debug|x86.Build.0 = Debug|Any CPU
		{F0E6FD70-9C0A-414C-A16B-49E7ACEE994F}.Debug|x86.Deploy.0 = Debug|Any CPU
		{F0E6FD70-9C0A-414C-A16B-49E7ACEE994F}.Release|Any CPU.ActiveCfg = Release|Any CPU
		{F0E6FD70-9C0A-414C-A16B-49E7ACEE994F}.Release|Any CPU.Build.0 = Release|Any CPU
		{F0E6FD70-9C0A-414C-A16B-49E7ACEE994F}.Release|Any CPU.Deploy.0 = Release|Any CPU
		{F0E6FD70-9C0A-414C-A16B-49E7ACEE994F}.Release|ARM.ActiveCfg = Release|Any CPU
		{F0E6FD70-9C0A-414C-A16B-49E7ACEE994F}.Release|ARM.Build.0 = Release|Any CPU
		{F0E6FD70-9C0A-414C-A16B-49E7ACEE994F}.Release|ARM.Deploy.0 = Release|Any CPU
		{F0E6FD70-9C0A-414C-A16B-49E7ACEE994F}.Release|iPhone.ActiveCfg = Release|Any CPU
		{F0E6FD70-9C0A-414C-A16B-49E7ACEE994F}.Release|iPhone.Build.0 = Release|Any CPU
		{F0E6FD70-9C0A-414C-A16B-49E7ACEE994F}.Release|iPhone.Deploy.0 = Release|Any CPU
		{F0E6FD70-9C0A-414C-A16B-49E7ACEE994F}.Release|iPhoneSimulator.ActiveCfg = Release|Any CPU
		{F0E6FD70-9C0A-414C-A16B-49E7ACEE994F}.Release|iPhoneSimulator.Build.0 = Release|Any CPU
		{F0E6FD70-9C0A-414C-A16B-49E7ACEE994F}.Release|iPhoneSimulator.Deploy.0 = Release|Any CPU
		{F0E6FD70-9C0A-414C-A16B-49E7ACEE994F}.Release|x64.ActiveCfg = Release|Any CPU
		{F0E6FD70-9C0A-414C-A16B-49E7ACEE994F}.Release|x64.Build.0 = Release|Any CPU
		{F0E6FD70-9C0A-414C-A16B-49E7ACEE994F}.Release|x64.Deploy.0 = Release|Any CPU
		{F0E6FD70-9C0A-414C-A16B-49E7ACEE994F}.Release|x86.ActiveCfg = Release|Any CPU
		{F0E6FD70-9C0A-414C-A16B-49E7ACEE994F}.Release|x86.Build.0 = Release|Any CPU
		{F0E6FD70-9C0A-414C-A16B-49E7ACEE994F}.Release|x86.Deploy.0 = Release|Any CPU
	EndGlobalSection
	GlobalSection(SolutionProperties) = preSolution
		HideSolutionNode = FALSE
	EndGlobalSection
	GlobalSection(ExtensibilityGlobals) = postSolution
		SolutionGuid = {510E18C2-FAFD-4499-A87E-51088B7394B1}
	EndGlobalSection
EndGlobal
